PODS:
  - SDWebImage (5.11.0):
    - SDWebImage/Core (= 5.11.0)
  - SDWebImage/Core (5.11.0)
  - SkeletonView (1.25.1)

DEPENDENCIES:
  - SDWebImage
  - SkeletonView

SPEC REPOS:
  trunk:
    - SDWebImage
    - SkeletonView

SPEC CHECKSUMS:
  SDWebImage: 7acbb57630ac7db4a495547fb73916ff3e432f6b
  SkeletonView: 77079530e1348a72f48b79ae30dcb966c1b18b6a

PODFILE CHECKSUM: d5c56787cd34de1c3baee2d066ab3f27e3009d87

COCOAPODS: 1.10.1
